// !$*UTF8*$!
{
	archiveVersion = 1;
	classes = {
	};
	objectVersion = 77;
	objects = {

/* Begin PBXBuildFile section */
		124DF0D12FA0DA58007647D6 /* SDWebImage in Frameworks */ = {isa = PBXBuildFile; productRef = 124DF0D02FA0DA58007647D6 /* SDWebImage */; };
		124DF0D32FA0DA58007647D6 /* SDWebImageMapKit in Frameworks */ = {isa = PBXBuildFile; productRef = 124DF0D22FA0DA58007647D6 /* SDWebImageMapKit */; };
		124DF0D62FA0DA6D007647D6 /* Reachability in Frameworks */ = {isa = PBXBuildFile; productRef = 124DF0D52FA0DA6D007647D6 /* Reachability */; };
		124DF0D92FA0DAE7007647D6 /* League+CoreDataProperties.swift in Sources */ = {isa = PBXBuildFile; fileRef = 124DF0D82FA0DAE7007647D6 /* League+CoreDataProperties.swift */; };
		124DF0DA2FA0DAE7007647D6 /* League+CoreDataClass.swift in Sources */ = {isa = PBXBuildFile; fileRef = 124DF0D72FA0DAE7007647D6 /* League+CoreDataClass.swift */; };
/* End PBXBuildFile section */

/* Begin PBXContainerItemProxy section */
		124DF0542FA0BDB4007647D6 /* PBXContainerItemProxy */ = {
			isa = PBXContainerItemProxy;
			containerPortal = 124DF0322FA0BDB2007647D6 /* Project object */;
			proxyType = 1;
			remoteGlobalIDString = 124DF0392FA0BDB2007647D6;
			remoteInfo = MAD46_Sports;
		};
		124DF05E2FA0BDB4007647D6 /* PBXContainerItemProxy */ = {
			isa = PBXContainerItemProxy;
			containerPortal = 124DF0322FA0BDB2007647D6 /* Project object */;
			proxyType = 1;
			remoteGlobalIDString = 124DF0392FA0BDB2007647D6;
			remoteInfo = MAD46_Sports;
		};
/* End PBXContainerItemProxy section */

/* Begin PBXFileReference section */
		124DF03A2FA0BDB2007647D6 /* MAD46_Sports.app */ = {isa = PBXFileReference; explicitFileType = wrapper.application; includeInIndex = 0; path = MAD46_Sports.app; sourceTree = BUILT_PRODUCTS_DIR; };
		124DF0532FA0BDB4007647D6 /* MAD46_SportsTests.xctest */ = {isa = PBXFileReference; explicitFileType = wrapper.cfbundle; includeInIndex = 0; path = MAD46_SportsTests.xctest; sourceTree = BUILT_PRODUCTS_DIR; };
		124DF05D2FA0BDB4007647D6 /* MAD46_SportsUITests.xctest */ = {isa = PBXFileReference; explicitFileType = wrapper.cfbundle; includeInIndex = 0; path = MAD46_SportsUITests.xctest; sourceTree = BUILT_PRODUCTS_DIR; };
		124DF0D72FA0DAE7007647D6 /* League+CoreDataClass.swift */ = {isa = PBXFileReference; lastKnownFileType = sourcecode.swift; path = "League+CoreDataClass.swift"; sourceTree = "<group>"; };
		124DF0D82FA0DAE7007647D6 /* League+CoreDataProperties.swift */ = {isa = PBXFileReference; lastKnownFileType = sourcecode.swift; path = "League+CoreDataProperties.swift"; sourceTree = "<group>"; };
/* End PBXFileReference section */

/* Begin PBXFileSystemSynchronizedBuildFileExceptionSet section */
		124DF0652FA0BDB4007647D6 /* Exceptions for "MAD46_Sports" folder in "MAD46_Sports" target */ = {
			isa = PBXFileSystemSynchronizedBuildFileExceptionSet;
			membershipExceptions = (
				Info.plist,
			);
			target = 124DF0392FA0BDB2007647D6 /* MAD46_Sports */;
		};
/* End PBXFileSystemSynchronizedBuildFileExceptionSet section */

/* Begin PBXFileSystemSynchronizedRootGroup section */
		124DF03C2FA0BDB2007647D6 /* MAD46_Sports */ = {
			isa = PBXFileSystemSynchronizedRootGroup;
			exceptions = (
				124DF0652FA0BDB4007647D6 /* Exceptions for "MAD46_Sports" folder in "MAD46_Sports" target */,
			);
			path = MAD46_Sports;
			sourceTree = "<group>";
		};
		124DF0562FA0BDB4007647D6 /* MAD46_SportsTests */ = {
			isa = PBXFileSystemSynchronizedRootGroup;
			path = MAD46_SportsTests;
			sourceTree = "<group>";
		};
		124DF0602FA0BDB4007647D6 /* MAD46_SportsUITests */ = {
			isa = PBXFileSystemSynchronizedRootGroup;
			path = MAD46_SportsUITests;
			sourceTree = "<group>";
		};
/* End PBXFileSystemSynchronizedRootGroup section */

/* Begin PBXFrameworksBuildPhase section */
		124DF0372FA0BDB2007647D6 /* Frameworks */ = {
			isa = PBXFrameworksBuildPhase;
			buildActionMask = 2147483647;
			files = (
				124DF0D32FA0DA58007647D6 /* SDWebImageMapKit in Frameworks */,
				124DF0D62FA0DA6D007647D6 /* Reachability in Frameworks */,
				124DF0D12FA0DA58007647D6 /* SDWebImage in Frameworks */,
			);
			runOnlyForDeploymentPostprocessing = 0;
		};
		124DF0502FA0BDB4007647D6 /* Frameworks */ = {
			isa = PBXFrameworksBuildPhase;
			buildActionMask = 2147483647;
			files = (
			);
			runOnlyForDeploymentPostprocessing = 0;
		};
		124DF05A2FA0BDB4007647D6 /* Frameworks */ = {
			isa = PBXFrameworksBuildPhase;
			buildActionMask = 2147483647;
			files = (
			);
			runOnlyForDeploymentPostprocessing = 0;
		};
/* End PBXFrameworksBuildPhase section */

/* Begin PBXGroup section */
		124DF0312FA0BDB2007647D6 = {
			isa = PBXGroup;
			children = (
				124DF0D72FA0DAE7007647D6 /* League+CoreDataClass.swift */,
				124DF0D82FA0DAE7007647D6 /* League+CoreDataProperties.swift */,
				124DF03C2FA0BDB2007647D6 /* MAD46_Sports */,
				124DF0562FA0BDB4007647D6 /* MAD46_SportsTests */,
				124DF0602FA0BDB4007647D6 /* MAD46_SportsUITests */,
				124DF03B2FA0BDB2007647D6 /* Products */,
			);
			sourceTree = "<group>";
		};
		124DF03B2FA0BDB2007647D6 /* Products */ = {
			isa = PBXGroup;
			children = (
				124DF03A2FA0BDB2007647D6 /* MAD46_Sports.app */,
				124DF0532FA0BDB4007647D6 /* MAD46_SportsTests.xctest */,
				124DF05D2FA0BDB4007647D6 /* MAD46_SportsUITests.xctest */,
			);
			name = Products;
			sourceTree = "<group>";
		};
/* End PBXGroup section */

/* Begin PBXNativeTarget section */
		124DF0392FA0BDB2007647D6 /* MAD46_Sports */ = {
			isa = PBXNativeTarget;
			buildConfigurationList = 124DF0662FA0BDB4007647D6 /* Build configuration list for PBXNativeTarget "MAD46_Sports" */;
			buildPhases = (
				124DF0362FA0BDB2007647D6 /* Sources */,
				124DF0372FA0BDB2007647D6 /* Frameworks */,
				124DF0382FA0BDB2007647D6 /* Resources */,
			);
			buildRules = (
			);
			dependencies = (
			);
			fileSystemSynchronizedGroups = (
				124DF03C2FA0BDB2007647D6 /* MAD46_Sports */,
			);
			name = MAD46_Sports;
			packageProductDependencies = (
				124DF0D02FA0DA58007647D6 /* SDWebImage */,
				124DF0D22FA0DA58007647D6 /* SDWebImageMapKit */,
				124DF0D52FA0DA6D007647D6 /* Reachability */,
			);
			productName = MAD46_Sports;
			productReference = 124DF03A2FA0BDB2007647D6 /* MAD46_Sports.app */;
			productType = "com.apple.product-type.application";
		};
		124DF0522FA0BDB4007647D6 /* MAD46_SportsTests */ = {
			isa = PBXNativeTarget;
			buildConfigurationList = 124DF06B2FA0BDB4007647D6 /* Build configuration list for PBXNativeTarget "MAD46_SportsTests" */;
			buildPhases = (
				124DF04F2FA0BDB4007647D6 /* Sources */,
				124DF0502FA0BDB4007647D6 /* Frameworks */,
				124DF0512FA0BDB4007647D6 /* Resources */,
			);
			buildRules = (
			);
			dependencies = (
				124DF0552FA0BDB4007647D6 /* PBXTargetDependency */,
			);
			fileSystemSynchronizedGroups = (
				124DF0562FA0BDB4007647D6 /* MAD46_SportsTests */,
			);
			name = MAD46_SportsTests;
			packageProductDependencies = (
			);
			productName = MAD46_SportsTests;
			productReference = 124DF0532FA0BDB4007647D6 /* MAD46_SportsTests.xctest */;
			productType = "com.apple.product-type.bundle.unit-test";
		};
		124DF05C2FA0BDB4007647D6 /* MAD46_SportsUITests */ = {
			isa = PBXNativeTarget;
			buildConfigurationList = 124DF06E2FA0BDB4007647D6 /* Build configuration list for PBXNativeTarget "MAD46_SportsUITests" */;
			buildPhases = (
				124DF0592FA0BDB4007647D6 /* Sources */,
				124DF05A2FA0BDB4007647D6 /* Frameworks */,
				124DF05B2FA0BDB4007647D6 /* Resources */,
			);
			buildRules = (
			);
			dependencies = (
				124DF05F2FA0BDB4007647D6 /* PBXTargetDependency */,
			);
			fileSystemSynchronizedGroups = (
				124DF0602FA0BDB4007647D6 /* MAD46_SportsUITests */,
			);
			name = MAD46_SportsUITests;
			packageProductDependencies = (
			);
			productName = MAD46_SportsUITests;
			productReference = 124DF05D2FA0BDB4007647D6 /* MAD46_SportsUITests.xctest */;
			productType = "com.apple.product-type.bundle.ui-testing";
		};
/* End PBXNativeTarget section */

/* Begin PBXProject section */
		124DF0322FA0BDB2007647D6 /* Project object */ = {
			isa = PBXProject;
			attributes = {
				BuildIndependentTargetsInParallel = 1;
				LastSwiftUpdateCheck = 1630;
				LastUpgradeCheck = 1630;
				TargetAttributes = {
					124DF0392FA0BDB2007647D6 = {
						CreatedOnToolsVersion = 16.3;
					};
					124DF0522FA0BDB4007647D6 = {
						CreatedOnToolsVersion = 16.3;
						TestTargetID = 124DF0392FA0BDB2007647D6;
					};
					124DF05C2FA0BDB4007647D6 = {
						CreatedOnToolsVersion = 16.3;
						TestTargetID = 124DF0392FA0BDB2007647D6;
					};
				};
			};
			buildConfigurationList = 124DF0352FA0BDB2007647D6 /* Build configuration list for PBXProject "MAD46_Sports" */;
			developmentRegion = en;
			hasScannedForEncodings = 0;
			knownRegions = (
				en,
				Base,
			);
			mainGroup = 124DF0312FA0BDB2007647D6;
			minimizedProjectReferenceProxies = 1;
			packageReferences = (
				124DF0CF2FA0DA58007647D6 /* XCRemoteSwiftPackageReference "SDWebImage" */,
				124DF0D42FA0DA6C007647D6 /* XCRemoteSwiftPackageReference "Reachability" */,
			);
			preferredProjectObjectVersion = 77;
			productRefGroup = 124DF03B2FA0BDB2007647D6 /* Products */;
			projectDirPath = "";
			projectRoot = "";
			targets = (
				124DF0392FA0BDB2007647D6 /* MAD46_Sports */,
				124DF0522FA0BDB4007647D6 /* MAD46_SportsTests */,
				124DF05C2FA0BDB4007647D6 /* MAD46_SportsUITests */,
			);
		};
/* End PBXProject section */

/* Begin PBXResourcesBuildPhase section */
		124DF0382FA0BDB2007647D6 /* Resources */ = {
			isa = PBXResourcesBuildPhase;
			buildActionMask = 2147483647;
			files = (
			);
			runOnlyForDeploymentPostprocessing = 0;
		};
		124DF0512FA0BDB4007647D6 /* Resources */ = {
			isa = PBXResourcesBuildPhase;
			buildActionMask = 2147483647;
			files = (
			);
			runOnlyForDeploymentPostprocessing = 0;
		};
		124DF05B2FA0BDB4007647D6 /* Resources */ = {
			isa = PBXResourcesBuildPhase;
			buildActionMask = 2147483647;
			files = (
			);
			runOnlyForDeploymentPostprocessing = 0;
		};
/* End PBXResourcesBuildPhase section */

/* Begin PBXSourcesBuildPhase section */
		124DF0362FA0BDB2007647D6 /* Sources */ = {
			isa = PBXSourcesBuildPhase;
			buildActionMask = 2147483647;
			files = (
				124DF0D92FA0DAE7007647D6 /* League+CoreDataProperties.swift in Sources */,
				124DF0DA2FA0DAE7007647D6 /* League+CoreDataClass.swift in Sources */,
			);
			runOnlyForDeploymentPostprocessing = 0;
		};
		124DF04F2FA0BDB4007647D6 /* Sources */ = {
			isa = PBXSourcesBuildPhase;
			buildActionMask = 2147483647;
			files = (
			);
			runOnlyForDeploymentPostprocessing = 0;
		};
		124DF0592FA0BDB4007647D6 /* Sources */ = {
			isa = PBXSourcesBuildPhase;
			buildActionMask = 2147483647;
			files = (
			);
			runOnlyForDeploymentPostprocessing = 0;
		};
/* End PBXSourcesBuildPhase section */

/* Begin PBXTargetDependency section */
		124DF0552FA0BDB4007647D6 /* PBXTargetDependency */ = {
			isa = PBXTargetDependency;
			target = 124DF0392FA0BDB2007647D6 /* MAD46_Sports */;
			targetProxy = 124DF0542FA0BDB4007647D6 /* PBXContainerItemProxy */;
		};
		124DF05F2FA0BDB4007647D6 /* PBXTargetDependency */ = {
			isa = PBXTargetDependency;
			target = 124DF0392FA0BDB2007647D6 /* MAD46_Sports */;
			targetProxy = 124DF05E2FA0BDB4007647D6 /* PBXContainerItemProxy */;
		};
/* End PBXTargetDependency section */

/* Begin XCBuildConfiguration section */
		124DF0672FA0BDB4007647D6 /* Debug */ = {
			isa = XCBuildConfiguration;
			buildSettings = {
				ASSETCATALOG_COMPILER_APPICON_NAME = AppIcon;
				ASSETCATALOG_COMPILER_GLOBAL_ACCENT_COLOR_NAME = AccentColor;
				CODE_SIGN_STYLE = Automatic;
				CURRENT_PROJECT_VERSION = 1;
				GENERATE_INFOPLIST_FILE = YES;
				INFOPLIST_FILE = MAD46_Sports/Info.plist;
				INFOPLIST_KEY_UIApplicationSupportsIndirectInputEvents = YES;
				INFOPLIST_KEY_UILaunchStoryboardName = LaunchScreen;
				INFOPLIST_KEY_UIMainStoryboardFile = Main;
				INFOPLIST_KEY_UISupportedInterfaceOrientations_iPad = "UIInterfaceOrientationPortrait UIInterfaceOrientationPortraitUpsideDown UIInterfaceOrientationLandscapeLeft UIInterfaceOrientationLandscapeRight";
				INFOPLIST_KEY_UISupportedInterfaceOrientations_iPhone = "UIInterfaceOrientationPortrait UIInterfaceOrientationLandscapeLeft UIInterfaceOrientationLandscapeRight";
				LD_RUNPATH_SEARCH_PATHS = (
					"$(inherited)",
					"@executable_path/Frameworks",
				);
				MARKETING_VERSION = 1.0;
				PRODUCT_BUNDLE_IDENTIFIER = "iti.MAD46-Sports";
				PRODUCT_NAME = "$(TARGET_NAME)";
				SWIFT_EMIT_LOC_STRINGS = YES;
				SWIFT_VERSION = 5.0;
				TARGETED_DEVICE_FAMILY = "1,2";
			};
			name = Debug;
		};
		124DF0682FA0BDB4007647D6 /* Release */ = {
			isa = XCBuildConfiguration;
			buildSettings = {
				ASSETCATALOG_COMPILER_APPICON_NAME = AppIcon;
				ASSETCATALOG_COMPILER_GLOBAL_ACCENT_COLOR_NAME = AccentColor;
				CODE_SIGN_STYLE = Automatic;
				CURRENT_PROJECT_VERSION = 1;
				GENERATE_INFOPLIST_FILE = YES;
				INFOPLIST_FILE = MAD46_Sports/Info.plist;
				INFOPLIST_KEY_UIApplicationSupportsIndirectInputEvents = YES;
				INFOPLIST_KEY_UILaunchStoryboardName = LaunchScreen;
				INFOPLIST_KEY_UIMainStoryboardFile = Main;
				INFOPLIST_KEY_UISupportedInterfaceOrientations_iPad = "UIInterfaceOrientationPortrait UIInterfaceOrientationPortraitUpsideDown UIInterfaceOrientationLandscapeLeft UIInterfaceOrientationLandscapeRight";
				INFOPLIST_KEY_UISupportedInterfaceOrientations_iPhone = "UIInterfaceOrientationPortrait UIInterfaceOrientationLandscapeLeft UIInterfaceOrientationLandscapeRight";
				LD_RUNPATH_SEARCH_PATHS = (
					"$(inherited)",
					"@executable_path/Frameworks",
				);
				MARKETING_VERSION = 1.0;
				PRODUCT_BUNDLE_IDENTIFIER = "iti.MAD46-Sports";
				PRODUCT_NAME = "$(TARGET_NAME)";
				SWIFT_EMIT_LOC_STRINGS = YES;
				SWIFT_VERSION = 5.0;
				TARGETED_DEVICE_FAMILY = "1,2";
			};
			name = Release;
		};
		124DF0692FA0BDB4007647D6 /* Debug */ = {
			isa = XCBuildConfiguration;
			buildSettings = {
				ALWAYS_SEARCH_USER_PATHS = NO;
				ASSETCATALOG_COMPILER_GENERATE_SWIFT_ASSET_SYMBOL_EXTENSIONS = YES;
				CLANG_ANALYZER_NONNULL = YES;
				CLANG_ANALYZER_NUMBER_OBJECT_CONVERSION = YES_AGGRESSIVE;
				CLANG_CXX_LANGUAGE_STANDARD = "gnu++20";
				CLANG_ENABLE_MODULES = YES;
				CLANG_ENABLE_OBJC_ARC = YES;
				CLANG_ENABLE_OBJC_WEAK = YES;
				CLANG_WARN_BLOCK_CAPTURE_AUTORELEASING = YES;
				CLANG_WARN_BOOL_CONVERSION = YES;
				CLANG_WARN_COMMA = YES;
				CLANG_WARN_CONSTANT_CONVERSION = YES;
				CLANG_WARN_DEPRECATED_OBJC_IMPLEMENTATIONS = YES;
				CLANG_WARN_DIRECT_OBJC_ISA_USAGE = YES_ERROR;
				CLANG_WARN_DOCUMENTATION_COMMENTS = YES;
				CLANG_WARN_EMPTY_BODY = YES;
				CLANG_WARN_ENUM_CONVERSION = YES;
				CLANG_WARN_INFINITE_RECURSION = YES;
				CLANG_WARN_INT_CONVERSION = YES;
				CLANG_WARN_NON_LITERAL_NULL_CONVERSION = YES;
				CLANG_WARN_OBJC_IMPLICIT_RETAIN_SELF = YES;
				CLANG_WARN_OBJC_LITERAL_CONVERSION = YES;
				CLANG_WARN_OBJC_ROOT_CLASS = YES_ERROR;
				CLANG_WARN_QUOTED_INCLUDE_IN_FRAMEWORK_HEADER = YES;
				CLANG_WARN_RANGE_LOOP_ANALYSIS = YES;
				CLANG_WARN_STRICT_PROTOTYPES = YES;
				CLANG_WARN_SUSPICIOUS_MOVE = YES;
				CLANG_WARN_UNGUARDED_AVAILABILITY = YES_AGGRESSIVE;
				CLANG_WARN_UNREACHABLE_CODE = YES;
				CLANG_WARN__DUPLICATE_METHOD_MATCH = YES;
				COPY_PHASE_STRIP = NO;
				DEBUG_INFORMATION_FORMAT = dwarf;
				ENABLE_STRICT_OBJC_MSGSEND = YES;
				ENABLE_TESTABILITY = YES;
				ENABLE_USER_SCRIPT_SANDBOXING = YES;
				GCC_C_LANGUAGE_STANDARD = gnu17;
				GCC_DYNAMIC_NO_PIC = NO;
				GCC_NO_COMMON_BLOCKS = YES;
				GCC_OPTIMIZATION_LEVEL = 0;
				GCC_PREPROCESSOR_DEFINITIONS = (
					"DEBUG=1",
					"$(inherited)",
				);
				GCC_WARN_64_TO_32_BIT_CONVERSION = YES;
				GCC_WARN_ABOUT_RETURN_TYPE = YES_ERROR;
				GCC_WARN_UNDECLARED_SELECTOR = YES;
				GCC_WARN_UNINITIALIZED_AUTOS = YES_AGGRESSIVE;
				GCC_WARN_UNUSED_FUNCTION = YES;
				GCC_WARN_UNUSED_VARIABLE = YES;
				IPHONEOS_DEPLOYMENT_TARGET = 18.4;
				LOCALIZATION_PREFERS_STRING_CATALOGS = YES;
				MTL_ENABLE_DEBUG_INFO = INCLUDE_SOURCE;
				MTL_FAST_MATH = YES;
				ONLY_ACTIVE_ARCH = YES;
				SDKROOT = iphoneos;
				SWIFT_ACTIVE_COMPILATION_CONDITIONS = "DEBUG $(inherited)";
				SWIFT_OPTIMIZATION_LEVEL = "-Onone";
			};
			name = Debug;
		};
		124DF06A2FA0BDB4007647D6 /* Release */ = {
			isa = XCBuildConfiguration;
			buildSettings = {
				ALWAYS_SEARCH_USER_PATHS = NO;
				ASSETCATALOG_COMPILER_GENERATE_SWIFT_ASSET_SYMBOL_EXTENSIONS = YES;
				CLANG_ANALYZER_NONNULL = YES;
				CLANG_ANALYZER_NUMBER_OBJECT_CONVERSION = YES_AGGRESSIVE;
				CLANG_CXX_LANGUAGE_STANDARD = "gnu++20";
				CLANG_ENABLE_MODULES = YES;
				CLANG_ENABLE_OBJC_ARC = YES;
				CLANG_ENABLE_OBJC_WEAK = YES;
				CLANG_WARN_BLOCK_CAPTURE_AUTORELEASING = YES;
				CLANG_WARN_BOOL_CONVERSION = YES;
				CLANG_WARN_COMMA = YES;
				CLANG_WARN_CONSTANT_CONVERSION = YES;
				CLANG_WARN_DEPRECATED_OBJC_IMPLEMENTATIONS = YES;
				CLANG_WARN_DIRECT_OBJC_ISA_USAGE = YES_ERROR;
				CLANG_WARN_DOCUMENTATION_COMMENTS = YES;
				CLANG_WARN_EMPTY_BODY = YES;
				CLANG_WARN_ENUM_CONVERSION = YES;
				CLANG_WARN_INFINITE_RECURSION = YES;
				CLANG_WARN_INT_CONVERSION = YES;
				CLANG_WARN_NON_LITERAL_NULL_CONVERSION = YES;
				CLANG_WARN_OBJC_IMPLICIT_RETAIN_SELF = YES;
				CLANG_WARN_OBJC_LITERAL_CONVERSION = YES;
				CLANG_WARN_OBJC_ROOT_CLASS = YES_ERROR;
				CLANG_WARN_QUOTED_INCLUDE_IN_FRAMEWORK_HEADER = YES;
				CLANG_WARN_RANGE_LOOP_ANALYSIS = YES;
				CLANG_WARN_STRICT_PROTOTYPES = YES;
				CLANG_WARN_SUSPICIOUS_MOVE = YES;
				CLANG_WARN_UNGUARDED_AVAILABILITY = YES_AGGRESSIVE;
				CLANG_WARN_UNREACHABLE_CODE = YES;
				CLANG_WARN__DUPLICATE_METHOD_MATCH = YES;
				COPY_PHASE_STRIP = NO;
				DEBUG_INFORMATION_FORMAT = "dwarf-with-dsym";
				ENABLE_NS_ASSERTIONS = NO;
				ENABLE_STRICT_OBJC_MSGSEND = YES;
				ENABLE_USER_SCRIPT_SANDBOXING = YES;
				GCC_C_LANGUAGE_STANDARD = gnu17;
				GCC_NO_COMMON_BLOCKS = YES;
				GCC_WARN_64_TO_32_BIT_CONVERSION = YES;
				GCC_WARN_ABOUT_RETURN_TYPE = YES_ERROR;
				GCC_WARN_UNDECLARED_SELECTOR = YES;
				GCC_WARN_UNINITIALIZED_AUTOS = YES_AGGRESSIVE;
				GCC_WARN_UNUSED_FUNCTION = YES;
				GCC_WARN_UNUSED_VARIABLE = YES;
				IPHONEOS_DEPLOYMENT_TARGET = 18.4;
				LOCALIZATION_PREFERS_STRING_CATALOGS = YES;
				MTL_ENABLE_DEBUG_INFO = NO;
				MTL_FAST_MATH = YES;
				SDKROOT = iphoneos;
				SWIFT_COMPILATION_MODE = wholemodule;
				VALIDATE_PRODUCT = YES;
			};
			name = Release;
		};
		124DF06C2FA0BDB4007647D6 /* Debug */ = {
			isa = XCBuildConfiguration;
			buildSettings = {
				BUNDLE_LOADER = "$(TEST_HOST)";
				CODE_SIGN_STYLE = Automatic;
				CURRENT_PROJECT_VERSION = 1;
				GENERATE_INFOPLIST_FILE = YES;
				IPHONEOS_DEPLOYMENT_TARGET = 18.4;
				MARKETING_VERSION = 1.0;
				PRODUCT_BUNDLE_IDENTIFIER = "iti.MAD46-SportsTests";
				PRODUCT_NAME = "$(TARGET_NAME)";
				SWIFT_EMIT_LOC_STRINGS = NO;
				SWIFT_VERSION = 5.0;
				TARGETED_DEVICE_FAMILY = "1,2";
				TEST_HOST = "$(BUILT_PRODUCTS_DIR)/MAD46_Sports.app/$(BUNDLE_EXECUTABLE_FOLDER_PATH)/MAD46_Sports";
			};
			name = Debug;
		};
		124DF06D2FA0BDB4007647D6 /* Release */ = {
			isa = XCBuildConfiguration;
			buildSettings = {
				BUNDLE_LOADER = "$(TEST_HOST)";
				CODE_SIGN_STYLE = Automatic;
				CURRENT_PROJECT_VERSION = 1;
				GENERATE_INFOPLIST_FILE = YES;
				IPHONEOS_DEPLOYMENT_TARGET = 18.4;
				MARKETING_VERSION = 1.0;
				PRODUCT_BUNDLE_IDENTIFIER = "iti.MAD46-SportsTests";
				PRODUCT_NAME = "$(TARGET_NAME)";
				SWIFT_EMIT_LOC_STRINGS = NO;
				SWIFT_VERSION = 5.0;
				TARGETED_DEVICE_FAMILY = "1,2";
				TEST_HOST = "$(BUILT_PRODUCTS_DIR)/MAD46_Sports.app/$(BUNDLE_EXECUTABLE_FOLDER_PATH)/MAD46_Sports";
			};
			name = Release;
		};
		124DF06F2FA0BDB4007647D6 /* Debug */ = {
			isa = XCBuildConfiguration;
			buildSettings = {
				CODE_SIGN_STYLE = Automatic;
				CURRENT_PROJECT_VERSION = 1;
				GENERATE_INFOPLIST_FILE = YES;
				MARKETING_VERSION = 1.0;
				PRODUCT_BUNDLE_IDENTIFIER = "iti.MAD46-SportsUITests";
				PRODUCT_NAME = "$(TARGET_NAME)";
				SWIFT_EMIT_LOC_STRINGS = NO;
				SWIFT_VERSION = 5.0;
				TARGETED_DEVICE_FAMILY = "1,2";
				TEST_TARGET_NAME = MAD46_Sports;
			};
			name = Debug;
		};
		124DF0702FA0BDB4007647D6 /* Release */ = {
			isa = XCBuildConfiguration;
			buildSettings = {
				CODE_SIGN_STYLE = Automatic;
				CURRENT_PROJECT_VERSION = 1;
				GENERATE_INFOPLIST_FILE = YES;
				MARKETING_VERSION = 1.0;
				PRODUCT_BUNDLE_IDENTIFIER = "iti.MAD46-SportsUITests";
				PRODUCT_NAME = "$(TARGET_NAME)";
				SWIFT_EMIT_LOC_STRINGS = NO;
				SWIFT_VERSION = 5.0;
				TARGETED_DEVICE_FAMILY = "1,2";
				TEST_TARGET_NAME = MAD46_Sports;
			};
			name = Release;
		};
/* End XCBuildConfiguration section */

/* Begin XCConfigurationList section */
		124DF0352FA0BDB2007647D6 /* Build configuration list for PBXProject "MAD46_Sports" */ = {
			isa = XCConfigurationList;
			buildConfigurations = (
				124DF0692FA0BDB4007647D6 /* Debug */,
				124DF06A2FA0BDB4007647D6 /* Release */,
			);
			defaultConfigurationIsVisible = 0;
			defaultConfigurationName = Release;
		};
		124DF0662FA0BDB4007647D6 /* Build configuration list for PBXNativeTarget "MAD46_Sports" */ = {
			isa = XCConfigurationList;
			buildConfigurations = (
				124DF0672FA0BDB4007647D6 /* Debug */,
				124DF0682FA0BDB4007647D6 /* Release */,
			);
			defaultConfigurationIsVisible = 0;
			defaultConfigurationName = Release;
		};
		124DF06B2FA0BDB4007647D6 /* Build configuration list for PBXNativeTarget "MAD46_SportsTests" */ = {
			isa = XCConfigurationList;
			buildConfigurations = (
				124DF06C2FA0BDB4007647D6 /* Debug */,
				124DF06D2FA0BDB4007647D6 /* Release */,
			);
			defaultConfigurationIsVisible = 0;
			defaultConfigurationName = Release;
		};
		124DF06E2FA0BDB4007647D6 /* Build configuration list for PBXNativeTarget "MAD46_SportsUITests" */ = {
			isa = XCConfigurationList;
			buildConfigurations = (
				124DF06F2FA0BDB4007647D6 /* Debug */,
				124DF0702FA0BDB4007647D6 /* Release */,
			);
			defaultConfigurationIsVisible = 0;
			defaultConfigurationName = Release;
		};
/* End XCConfigurationList section */

/* Begin XCRemoteSwiftPackageReference section */
		124DF0CF2FA0DA58007647D6 /* XCRemoteSwiftPackageReference "SDWebImage" */ = {
			isa = XCRemoteSwiftPackageReference;
			repositoryURL = "https://github.com/SDWebImage/SDWebImage.git";
			requirement = {
				kind = upToNextMajorVersion;
				minimumVersion = 5.21.7;
			};
		};
		124DF0D42FA0DA6C007647D6 /* XCRemoteSwiftPackageReference "Reachability" */ = {
			isa = XCRemoteSwiftPackageReference;
			repositoryURL = "https://github.com/ashleymills/Reachability.swift";
			requirement = {
				branch = master;
				kind = branch;
			};
		};
/* End XCRemoteSwiftPackageReference section */

/* Begin XCSwiftPackageProductDependency section */
		124DF0D02FA0DA58007647D6 /* SDWebImage */ = {
			isa = XCSwiftPackageProductDependency;
			package = 124DF0CF2FA0DA58007647D6 /* XCRemoteSwiftPackageReference "SDWebImage" */;
			productName = SDWebImage;
		};
		124DF0D22FA0DA58007647D6 /* SDWebImageMapKit */ = {
			isa = XCSwiftPackageProductDependency;
			package = 124DF0CF2FA0DA58007647D6 /* XCRemoteSwiftPackageReference "SDWebImage" */;
			productName = SDWebImageMapKit;
		};
		124DF0D52FA0DA6D007647D6 /* Reachability */ = {
			isa = XCSwiftPackageProductDependency;
			package = 124DF0D42FA0DA6C007647D6 /* XCRemoteSwiftPackageReference "Reachability" */;
			productName = Reachability;
		};
/* End XCSwiftPackageProductDependency section */
	};
	rootObject = 124DF0322FA0BDB2007647D6 /* Project object */;
}
